// !$*UTF8*$!
{
	archiveVersion = 1;
	classes = {
	};
	objectVersion = 56;
	objects = {

/* Begin PBXBuildFile section */
		1530544B29A7835C0054623C /* LogInView.swift in Sources */ = {isa = PBXBuildFile; fileRef = 1530544A29A7835C0054623C /* LogInView.swift */; };
		1530544F29A790000054623C /* LoginDetail.swift in Sources */ = {isa = PBXBuildFile; fileRef = 1530544E29A790000054623C /* LoginDetail.swift */; };
		1530545129AF6DE50054623C /* MainPage.swift in Sources */ = {isa = PBXBuildFile; fileRef = 1530545029AF6DE50054623C /* MainPage.swift */; };
		1530545529AF933E0054623C /* PathView.swift in Sources */ = {isa = PBXBuildFile; fileRef = 1530545429AF933E0054623C /* PathView.swift */; };
		15339A6929C8AA4D00ADC425 /* googleSignIn.swift in Sources */ = {isa = PBXBuildFile; fileRef = 15339A6829C8AA4D00ADC425 /* googleSignIn.swift */; };
		15339A6C29C8ABEB00ADC425 /* GoogleSignIn in Frameworks */ = {isa = PBXBuildFile; productRef = 15339A6B29C8ABEB00ADC425 /* GoogleSignIn */; };
		15339A6E29C8ABEB00ADC425 /* GoogleSignInSwift in Frameworks */ = {isa = PBXBuildFile; productRef = 15339A6D29C8ABEB00ADC425 /* GoogleSignInSwift */; };
		15339A7029C8B3D100ADC425 /* Application_utility.swift in Sources */ = {isa = PBXBuildFile; fileRef = 15339A6F29C8B3D100ADC425 /* Application_utility.swift */; };
		158A705D29B0EDB600B83574 /* SignUpView.swift in Sources */ = {isa = PBXBuildFile; fileRef = 158A705C29B0EDB600B83574 /* SignUpView.swift */; };
		158A705F29C358D100B83574 /* GoogleService-Info.plist in Resources */ = {isa = PBXBuildFile; fileRef = 158A705E29C358D100B83574 /* GoogleService-Info.plist */; };
		158A706229C359A800B83574 /* FirebaseAuth in Frameworks */ = {isa = PBXBuildFile; productRef = 158A706129C359A800B83574 /* FirebaseAuth */; };
		158A706429C359A800B83574 /* FirebaseFirestore in Frameworks */ = {isa = PBXBuildFile; productRef = 158A706329C359A800B83574 /* FirebaseFirestore */; };
		15CAAA53299E69ED00F4B197 /* StudyPalApp.swift in Sources */ = {isa = PBXBuildFile; fileRef = 15CAAA52299E69ED00F4B197 /* StudyPalApp.swift */; };
		15CAAA55299E69ED00F4B197 /* ContentView.swift in Sources */ = {isa = PBXBuildFile; fileRef = 15CAAA54299E69ED00F4B197 /* ContentView.swift */; };
		15CAAA57299E69EE00F4B197 /* Assets.xcassets in Resources */ = {isa = PBXBuildFile; fileRef = 15CAAA56299E69EE00F4B197 /* Assets.xcassets */; };
		15CAAA5A299E69EE00F4B197 /* Preview Assets.xcassets in Resources */ = {isa = PBXBuildFile; fileRef = 15CAAA59299E69EE00F4B197 /* Preview Assets.xcassets */; };
		9163457229A8866800523378 /* Tag.swift in Sources */ = {isa = PBXBuildFile; fileRef = 9163457129A8866800523378 /* Tag.swift */; };
		9163457429A8868600523378 /* TagView.swift in Sources */ = {isa = PBXBuildFile; fileRef = 9163457329A8868600523378 /* TagView.swift */; };
		9163457629ACF66400523378 /* View.xib in Resources */ = {isa = PBXBuildFile; fileRef = 9163457529ACF66400523378 /* View.xib */; };
/* End PBXBuildFile section */

/* Begin PBXFileReference section */
		1530544A29A7835C0054623C /* LogInView.swift */ = {isa = PBXFileReference; lastKnownFileType = sourcecode.swift; path = LogInView.swift; sourceTree = "<group>"; };
		1530544E29A790000054623C /* LoginDetail.swift */ = {isa = PBXFileReference; lastKnownFileType = sourcecode.swift; path = LoginDetail.swift; sourceTree = "<group>"; };
		1530545029AF6DE50054623C /* MainPage.swift */ = {isa = PBXFileReference; lastKnownFileType = sourcecode.swift; path = MainPage.swift; sourceTree = "<group>"; };
		1530545429AF933E0054623C /* PathView.swift */ = {isa = PBXFileReference; lastKnownFileType = sourcecode.swift; path = PathView.swift; sourceTree = "<group>"; };
		15339A6829C8AA4D00ADC425 /* googleSignIn.swift */ = {isa = PBXFileReference; lastKnownFileType = sourcecode.swift; path = googleSignIn.swift; sourceTree = "<group>"; };
		15339A6F29C8B3D100ADC425 /* Application_utility.swift */ = {isa = PBXFileReference; lastKnownFileType = sourcecode.swift; path = Application_utility.swift; sourceTree = "<group>"; };
		15339A7129C8BCB000ADC425 /* Info.plist */ = {isa = PBXFileReference; lastKnownFileType = text.plist; path = Info.plist; sourceTree = "<group>"; };
		158A705C29B0EDB600B83574 /* SignUpView.swift */ = {isa = PBXFileReference; lastKnownFileType = sourcecode.swift; path = SignUpView.swift; sourceTree = "<group>"; };
		158A705E29C358D100B83574 /* GoogleService-Info.plist */ = {isa = PBXFileReference; fileEncoding = 4; lastKnownFileType = text.plist.xml; path = "GoogleService-Info.plist"; sourceTree = "<group>"; };
		15CAAA4F299E69ED00F4B197 /* StudyPal.app */ = {isa = PBXFileReference; explicitFileType = wrapper.application; includeInIndex = 0; path = StudyPal.app; sourceTree = BUILT_PRODUCTS_DIR; };
		15CAAA52299E69ED00F4B197 /* StudyPalApp.swift */ = {isa = PBXFileReference; lastKnownFileType = sourcecode.swift; path = StudyPalApp.swift; sourceTree = "<group>"; };
		15CAAA54299E69ED00F4B197 /* ContentView.swift */ = {isa = PBXFileReference; lastKnownFileType = sourcecode.swift; path = ContentView.swift; sourceTree = "<group>"; };
		15CAAA56299E69EE00F4B197 /* Assets.xcassets */ = {isa = PBXFileReference; lastKnownFileType = folder.assetcatalog; path = Assets.xcassets; sourceTree = "<group>"; };
		15CAAA59299E69EE00F4B197 /* Preview Assets.xcassets */ = {isa = PBXFileReference; lastKnownFileType = folder.assetcatalog; path = "Preview Assets.xcassets"; sourceTree = "<group>"; };
		9163457129A8866800523378 /* Tag.swift */ = {isa = PBXFileReference; lastKnownFileType = sourcecode.swift; path = Tag.swift; sourceTree = "<group>"; };
		9163457329A8868600523378 /* TagView.swift */ = {isa = PBXFileReference; lastKnownFileType = sourcecode.swift; path = TagView.swift; sourceTree = "<group>"; };
		9163457529ACF66400523378 /* View.xib */ = {isa = PBXFileReference; lastKnownFileType = file.xib; path = View.xib; sourceTree = "<group>"; };
/* End PBXFileReference section */

/* Begin PBXFrameworksBuildPhase section */
		15CAAA4C299E69ED00F4B197 /* Frameworks */ = {
			isa = PBXFrameworksBuildPhase;
			buildActionMask = 2147483647;
			files = (
				158A706229C359A800B83574 /* FirebaseAuth in Frameworks */,
				158A706429C359A800B83574 /* FirebaseFirestore in Frameworks */,
				15339A6C29C8ABEB00ADC425 /* GoogleSignIn in Frameworks */,
				15339A6E29C8ABEB00ADC425 /* GoogleSignInSwift in Frameworks */,
			);
			runOnlyForDeploymentPostprocessing = 0;
		};
/* End PBXFrameworksBuildPhase section */

/* Begin PBXGroup section */
		15339A6729C8AA2300ADC425 /* ViewModels */ = {
			isa = PBXGroup;
			children = (
				15339A6829C8AA4D00ADC425 /* googleSignIn.swift */,
				15339A6F29C8B3D100ADC425 /* Application_utility.swift */,
			);
			path = ViewModels;
			sourceTree = "<group>";
		};
		15CAAA46299E69ED00F4B197 = {
			isa = PBXGroup;
			children = (
				9163457529ACF66400523378 /* View.xib */,
				15339A6729C8AA2300ADC425 /* ViewModels */,
				9163457029A8864F00523378 /* Model */,
				9163456F29A8863C00523378 /* View */,
				15CAAA51299E69ED00F4B197 /* StudyPal */,
				15CAAA50299E69ED00F4B197 /* Products */,
			);
			sourceTree = "<group>";
		};
		15CAAA50299E69ED00F4B197 /* Products */ = {
			isa = PBXGroup;
			children = (
				15CAAA4F299E69ED00F4B197 /* StudyPal.app */,
			);
			name = Products;
			sourceTree = "<group>";
		};
		15CAAA51299E69ED00F4B197 /* StudyPal */ = {
			isa = PBXGroup;
			children = (
				15339A7129C8BCB000ADC425 /* Info.plist */,
				15CAAA52299E69ED00F4B197 /* StudyPalApp.swift */,
				158A705E29C358D100B83574 /* GoogleService-Info.plist */,
				15CAAA56299E69EE00F4B197 /* Assets.xcassets */,
				15CAAA58299E69EE00F4B197 /* Preview Content */,
			);
			path = StudyPal;
			sourceTree = "<group>";
		};
		15CAAA58299E69EE00F4B197 /* Preview Content */ = {
			isa = PBXGroup;
			children = (
				15CAAA59299E69EE00F4B197 /* Preview Assets.xcassets */,
			);
			path = "Preview Content";
			sourceTree = "<group>";
		};
		9163456F29A8863C00523378 /* View */ = {
			isa = PBXGroup;
			children = (
				9163457329A8868600523378 /* TagView.swift */,
				15CAAA54299E69ED00F4B197 /* ContentView.swift */,
				1530544A29A7835C0054623C /* LogInView.swift */,
				1530544E29A790000054623C /* LoginDetail.swift */,
				1530545029AF6DE50054623C /* MainPage.swift */,
				1530545429AF933E0054623C /* PathView.swift */,
				158A705C29B0EDB600B83574 /* SignUpView.swift */,
			);
			path = View;
			sourceTree = "<group>";
		};
		9163457029A8864F00523378 /* Model */ = {
			isa = PBXGroup;
			children = (
				9163457129A8866800523378 /* Tag.swift */,
			);
			path = Model;
			sourceTree = "<group>";
		};
/* End PBXGroup section */

/* Begin PBXNativeTarget section */
		15CAAA4E299E69ED00F4B197 /* StudyPal */ = {
			isa = PBXNativeTarget;
			buildConfigurationList = 15CAAA5D299E69EE00F4B197 /* Build configuration list for PBXNativeTarget "StudyPal" */;
			buildPhases = (
				15CAAA4B299E69ED00F4B197 /* Sources */,
				15CAAA4C299E69ED00F4B197 /* Frameworks */,
				15CAAA4D299E69ED00F4B197 /* Resources */,
			);
			buildRules = (
			);
			dependencies = (
			);
			name = StudyPal;
			packageProductDependencies = (
				158A706129C359A800B83574 /* FirebaseAuth */,
				158A706329C359A800B83574 /* FirebaseFirestore */,
				15339A6B29C8ABEB00ADC425 /* GoogleSignIn */,
				15339A6D29C8ABEB00ADC425 /* GoogleSignInSwift */,
			);
			productName = StudyPal;
			productReference = 15CAAA4F299E69ED00F4B197 /* StudyPal.app */;
			productType = "com.apple.product-type.application";
		};
/* End PBXNativeTarget section */

/* Begin PBXProject section */
		15CAAA47299E69ED00F4B197 /* Project object */ = {
			isa = PBXProject;
			attributes = {
				BuildIndependentTargetsInParallel = 1;
				LastSwiftUpdateCheck = 1420;
				LastUpgradeCheck = 1420;
				TargetAttributes = {
					15CAAA4E299E69ED00F4B197 = {
						CreatedOnToolsVersion = 14.2;
					};
				};
			};
			buildConfigurationList = 15CAAA4A299E69ED00F4B197 /* Build configuration list for PBXProject "StudyPal" */;
			compatibilityVersion = "Xcode 14.0";
			developmentRegion = en;
			hasScannedForEncodings = 0;
			knownRegions = (
				en,
				Base,
			);
			mainGroup = 15CAAA46299E69ED00F4B197;
			packageReferences = (
				158A706029C359A800B83574 /* XCRemoteSwiftPackageReference "firebase-ios-sdk" */,
				15339A6A29C8ABEB00ADC425 /* XCRemoteSwiftPackageReference "GoogleSignIn-iOS" */,
			);
			productRefGroup = 15CAAA50299E69ED00F4B197 /* Products */;
			projectDirPath = "";
			projectRoot = "";
			targets = (
				15CAAA4E299E69ED00F4B197 /* StudyPal */,
			);
		};
/* End PBXProject section */

/* Begin PBXResourcesBuildPhase section */
		15CAAA4D299E69ED00F4B197 /* Resources */ = {
			isa = PBXResourcesBuildPhase;
			buildActionMask = 2147483647;
			files = (
				15CAAA5A299E69EE00F4B197 /* Preview Assets.xcassets in Resources */,
				158A705F29C358D100B83574 /* GoogleService-Info.plist in Resources */,
				9163457629ACF66400523378 /* View.xib in Resources */,
				15CAAA57299E69EE00F4B197 /* Assets.xcassets in Resources */,
			);
			runOnlyForDeploymentPostprocessing = 0;
		};
/* End PBXResourcesBuildPhase section */

/* Begin PBXSourcesBuildPhase section */
		15CAAA4B299E69ED00F4B197 /* Sources */ = {
			isa = PBXSourcesBuildPhase;
			buildActionMask = 2147483647;
			files = (
				1530545129AF6DE50054623C /* MainPage.swift in Sources */,
				1530544F29A790000054623C /* LoginDetail.swift in Sources */,
				1530544B29A7835C0054623C /* LogInView.swift in Sources */,
				1530545529AF933E0054623C /* PathView.swift in Sources */,
				15339A7029C8B3D100ADC425 /* Application_utility.swift in Sources */,
				9163457229A8866800523378 /* Tag.swift in Sources */,
				15CAAA55299E69ED00F4B197 /* ContentView.swift in Sources */,
				15339A6929C8AA4D00ADC425 /* googleSignIn.swift in Sources */,
				15CAAA53299E69ED00F4B197 /* StudyPalApp.swift in Sources */,
				158A705D29B0EDB600B83574 /* SignUpView.swift in Sources */,
				9163457429A8868600523378 /* TagView.swift in Sources */,
			);
			runOnlyForDeploymentPostprocessing = 0;
		};
/* End PBXSourcesBuildPhase section */

/* Begin XCBuildConfiguration section */
		15CAAA5B299E69EE00F4B197 /* Debug */ = {
			isa = XCBuildConfiguration;
			buildSettings = {
				ALWAYS_SEARCH_USER_PATHS = NO;
				CLANG_ANALYZER_NONNULL = YES;
				CLANG_ANALYZER_NUMBER_OBJECT_CONVERSION = YES_AGGRESSIVE;
				CLANG_CXX_LANGUAGE_STANDARD = "gnu++20";
				CLANG_ENABLE_MODULES = YES;
				CLANG_ENABLE_OBJC_ARC = YES;
				CLANG_ENABLE_OBJC_WEAK = YES;
				CLANG_WARN_BLOCK_CAPTURE_AUTORELEASING = YES;
				CLANG_WARN_BOOL_CONVERSION = YES;
				CLANG_WARN_COMMA = YES;
				CLANG_WARN_CONSTANT_CONVERSION = YES;
				CLANG_WARN_DEPRECATED_OBJC_IMPLEMENTATIONS = YES;
				CLANG_WARN_DIRECT_OBJC_ISA_USAGE = YES_ERROR;
				CLANG_WARN_DOCUMENTATION_COMMENTS = YES;
				CLANG_WARN_EMPTY_BODY = YES;
				CLANG_WARN_ENUM_CONVERSION = YES;
				CLANG_WARN_INFINITE_RECURSION = YES;
				CLANG_WARN_INT_CONVERSION = YES;
				CLANG_WARN_NON_LITERAL_NULL_CONVERSION = YES;
				CLANG_WARN_OBJC_IMPLICIT_RETAIN_SELF = YES;
				CLANG_WARN_OBJC_LITERAL_CONVERSION = YES;
				CLANG_WARN_OBJC_ROOT_CLASS = YES_ERROR;
				CLANG_WARN_QUOTED_INCLUDE_IN_FRAMEWORK_HEADER = YES;
				CLANG_WARN_RANGE_LOOP_ANALYSIS = YES;
				CLANG_WARN_STRICT_PROTOTYPES = YES;
				CLANG_WARN_SUSPICIOUS_MOVE = YES;
				CLANG_WARN_UNGUARDED_AVAILABILITY = YES_AGGRESSIVE;
				CLANG_WARN_UNREACHABLE_CODE = YES;
				CLANG_WARN__DUPLICATE_METHOD_MATCH = YES;
				COPY_PHASE_STRIP = NO;
				DEBUG_INFORMATION_FORMAT = dwarf;
				ENABLE_STRICT_OBJC_MSGSEND = YES;
				ENABLE_TESTABILITY = YES;
				GCC_C_LANGUAGE_STANDARD = gnu11;
				GCC_DYNAMIC_NO_PIC = NO;
				GCC_NO_COMMON_BLOCKS = YES;
				GCC_OPTIMIZATION_LEVEL = 0;
				GCC_PREPROCESSOR_DEFINITIONS = (
					"DEBUG=1",
					"$(inherited)",
				);
				GCC_WARN_64_TO_32_BIT_CONVERSION = YES;
				GCC_WARN_ABOUT_RETURN_TYPE = YES_ERROR;
				GCC_WARN_UNDECLARED_SELECTOR = YES;
				GCC_WARN_UNINITIALIZED_AUTOS = YES_AGGRESSIVE;
				GCC_WARN_UNUSED_FUNCTION = YES;
				GCC_WARN_UNUSED_VARIABLE = YES;
				IPHONEOS_DEPLOYMENT_TARGET = 16.2;
				MTL_ENABLE_DEBUG_INFO = INCLUDE_SOURCE;
				MTL_FAST_MATH = YES;
				ONLY_ACTIVE_ARCH = YES;
				SDKROOT = iphoneos;
				SWIFT_ACTIVE_COMPILATION_CONDITIONS = DEBUG;
				SWIFT_OPTIMIZATION_LEVEL = "-Onone";
			};
			name = Debug;
		};
		15CAAA5C299E69EE00F4B197 /* Release */ = {
			isa = XCBuildConfiguration;
			buildSettings = {
				ALWAYS_SEARCH_USER_PATHS = NO;
				CLANG_ANALYZER_NONNULL = YES;
				CLANG_ANALYZER_NUMBER_OBJECT_CONVERSION = YES_AGGRESSIVE;
				CLANG_CXX_LANGUAGE_STANDARD = "gnu++20";
				CLANG_ENABLE_MODULES = YES;
				CLANG_ENABLE_OBJC_ARC = YES;
				CLANG_ENABLE_OBJC_WEAK = YES;
				CLANG_WARN_BLOCK_CAPTURE_AUTORELEASING = YES;
				CLANG_WARN_BOOL_CONVERSION = YES;
				CLANG_WARN_COMMA = YES;
				CLANG_WARN_CONSTANT_CONVERSION = YES;
				CLANG_WARN_DEPRECATED_OBJC_IMPLEMENTATIONS = YES;
				CLANG_WARN_DIRECT_OBJC_ISA_USAGE = YES_ERROR;
				CLANG_WARN_DOCUMENTATION_COMMENTS = YES;
				CLANG_WARN_EMPTY_BODY = YES;
				CLANG_WARN_ENUM_CONVERSION = YES;
				CLANG_WARN_INFINITE_RECURSION = YES;
				CLANG_WARN_INT_CONVERSION = YES;
				CLANG_WARN_NON_LITERAL_NULL_CONVERSION = YES;
				CLANG_WARN_OBJC_IMPLICIT_RETAIN_SELF = YES;
				CLANG_WARN_OBJC_LITERAL_CONVERSION = YES;
				CLANG_WARN_OBJC_ROOT_CLASS = YES_ERROR;
				CLANG_WARN_QUOTED_INCLUDE_IN_FRAMEWORK_HEADER = YES;
				CLANG_WARN_RANGE_LOOP_ANALYSIS = YES;
				CLANG_WARN_STRICT_PROTOTYPES = YES;
				CLANG_WARN_SUSPICIOUS_MOVE = YES;
				CLANG_WARN_UNGUARDED_AVAILABILITY = YES_AGGRESSIVE;
				CLANG_WARN_UNREACHABLE_CODE = YES;
				CLANG_WARN__DUPLICATE_METHOD_MATCH = YES;
				COPY_PHASE_STRIP = NO;
				DEBUG_INFORMATION_FORMAT = "dwarf-with-dsym";
				ENABLE_NS_ASSERTIONS = NO;
				ENABLE_STRICT_OBJC_MSGSEND = YES;
				GCC_C_LANGUAGE_STANDARD = gnu11;
				GCC_NO_COMMON_BLOCKS = YES;
				GCC_WARN_64_TO_32_BIT_CONVERSION = YES;
				GCC_WARN_ABOUT_RETURN_TYPE = YES_ERROR;
				GCC_WARN_UNDECLARED_SELECTOR = YES;
				GCC_WARN_UNINITIALIZED_AUTOS = YES_AGGRESSIVE;
				GCC_WARN_UNUSED_FUNCTION = YES;
				GCC_WARN_UNUSED_VARIABLE = YES;
				IPHONEOS_DEPLOYMENT_TARGET = 16.2;
				MTL_ENABLE_DEBUG_INFO = NO;
				MTL_FAST_MATH = YES;
				SDKROOT = iphoneos;
				SWIFT_COMPILATION_MODE = wholemodule;
				SWIFT_OPTIMIZATION_LEVEL = "-O";
				VALIDATE_PRODUCT = YES;
			};
			name = Release;
		};
		15CAAA5E299E69EE00F4B197 /* Debug */ = {
			isa = XCBuildConfiguration;
			buildSettings = {
				ASSETCATALOG_COMPILER_APPICON_NAME = AppIcon;
				ASSETCATALOG_COMPILER_GLOBAL_ACCENT_COLOR_NAME = AccentColor;
				CODE_SIGN_STYLE = Automatic;
				CURRENT_PROJECT_VERSION = 1;
				DEVELOPMENT_ASSET_PATHS = "\"StudyPal/Preview Content\"";
				ENABLE_PREVIEWS = YES;
				GENERATE_INFOPLIST_FILE = YES;
				INFOPLIST_FILE = StudyPal/Info.plist;
				INFOPLIST_KEY_UIApplicationSceneManifest_Generation = YES;
				INFOPLIST_KEY_UIApplicationSupportsIndirectInputEvents = YES;
				INFOPLIST_KEY_UILaunchScreen_Generation = YES;
				INFOPLIST_KEY_UISupportedInterfaceOrientations_iPad = "UIInterfaceOrientationPortrait UIInterfaceOrientationPortraitUpsideDown UIInterfaceOrientationLandscapeLeft UIInterfaceOrientationLandscapeRight";
				INFOPLIST_KEY_UISupportedInterfaceOrientations_iPhone = "UIInterfaceOrientationPortrait UIInterfaceOrientationLandscapeLeft UIInterfaceOrientationLandscapeRight";
				LD_RUNPATH_SEARCH_PATHS = (
					"$(inherited)",
					"@executable_path/Frameworks",
				);
				MARKETING_VERSION = 1.0;
				PRODUCT_BUNDLE_IDENTIFIER = Cai.StudyPal;
				PRODUCT_NAME = "$(TARGET_NAME)";
				SWIFT_EMIT_LOC_STRINGS = YES;
				SWIFT_VERSION = 5.0;
				TARGETED_DEVICE_FAMILY = "1,2";
			};
			name = Debug;
		};
		15CAAA5F299E69EE00F4B197 /* Release */ = {
			isa = XCBuildConfiguration;
			buildSettings = {
				ASSETCATALOG_COMPILER_APPICON_NAME = AppIcon;
				ASSETCATALOG_COMPILER_GLOBAL_ACCENT_COLOR_NAME = AccentColor;
				CODE_SIGN_STYLE = Automatic;
				CURRENT_PROJECT_VERSION = 1;
				DEVELOPMENT_ASSET_PATHS = "\"StudyPal/Preview Content\"";
				ENABLE_PREVIEWS = YES;
				GENERATE_INFOPLIST_FILE = YES;
				INFOPLIST_FILE = StudyPal/Info.plist;
				INFOPLIST_KEY_UIApplicationSceneManifest_Generation = YES;
				INFOPLIST_KEY_UIApplicationSupportsIndirectInputEvents = YES;
				INFOPLIST_KEY_UILaunchScreen_Generation = YES;
				INFOPLIST_KEY_UISupportedInterfaceOrientations_iPad = "UIInterfaceOrientationPortrait UIInterfaceOrientationPortraitUpsideDown UIInterfaceOrientationLandscapeLeft UIInterfaceOrientationLandscapeRight";
				INFOPLIST_KEY_UISupportedInterfaceOrientations_iPhone = "UIInterfaceOrientationPortrait UIInterfaceOrientationLandscapeLeft UIInterfaceOrientationLandscapeRight";
				LD_RUNPATH_SEARCH_PATHS = (
					"$(inherited)",
					"@executable_path/Frameworks",
				);
				MARKETING_VERSION = 1.0;
				PRODUCT_BUNDLE_IDENTIFIER = Cai.StudyPal;
				PRODUCT_NAME = "$(TARGET_NAME)";
				SWIFT_EMIT_LOC_STRINGS = YES;
				SWIFT_VERSION = 5.0;
				TARGETED_DEVICE_FAMILY = "1,2";
			};
			name = Release;
		};
/* End XCBuildConfiguration section */

/* Begin XCConfigurationList section */
		15CAAA4A299E69ED00F4B197 /* Build configuration list for PBXProject "StudyPal" */ = {
			isa = XCConfigurationList;
			buildConfigurations = (
				15CAAA5B299E69EE00F4B197 /* Debug */,
				15CAAA5C299E69EE00F4B197 /* Release */,
			);
			defaultConfigurationIsVisible = 0;
			defaultConfigurationName = Release;
		};
		15CAAA5D299E69EE00F4B197 /* Build configuration list for PBXNativeTarget "StudyPal" */ = {
			isa = XCConfigurationList;
			buildConfigurations = (
				15CAAA5E299E69EE00F4B197 /* Debug */,
				15CAAA5F299E69EE00F4B197 /* Release */,
			);
			defaultConfigurationIsVisible = 0;
			defaultConfigurationName = Release;
		};
/* End XCConfigurationList section */

/* Begin XCRemoteSwiftPackageReference section */
		15339A6A29C8ABEB00ADC425 /* XCRemoteSwiftPackageReference "GoogleSignIn-iOS" */ = {
			isa = XCRemoteSwiftPackageReference;
			repositoryURL = "https://github.com/google/GoogleSignIn-iOS";
			requirement = {
				kind = upToNextMajorVersion;
				minimumVersion = 7.0.0;
			};
		};
		158A706029C359A800B83574 /* XCRemoteSwiftPackageReference "firebase-ios-sdk" */ = {
			isa = XCRemoteSwiftPackageReference;
			repositoryURL = "https://github.com/firebase/firebase-ios-sdk";
			requirement = {
				kind = upToNextMajorVersion;
				minimumVersion = 9.0.0;
			};
		};
/* End XCRemoteSwiftPackageReference section */

/* Begin XCSwiftPackageProductDependency section */
		15339A6B29C8ABEB00ADC425 /* GoogleSignIn */ = {
			isa = XCSwiftPackageProductDependency;
			package = 15339A6A29C8ABEB00ADC425 /* XCRemoteSwiftPackageReference "GoogleSignIn-iOS" */;
			productName = GoogleSignIn;
		};
		15339A6D29C8ABEB00ADC425 /* GoogleSignInSwift */ = {
			isa = XCSwiftPackageProductDependency;
			package = 15339A6A29C8ABEB00ADC425 /* XCRemoteSwiftPackageReference "GoogleSignIn-iOS" */;
			productName = GoogleSignInSwift;
		};
		158A706129C359A800B83574 /* FirebaseAuth */ = {
			isa = XCSwiftPackageProductDependency;
			package = 158A706029C359A800B83574 /* XCRemoteSwiftPackageReference "firebase-ios-sdk" */;
			productName = FirebaseAuth;
		};
		158A706329C359A800B83574 /* FirebaseFirestore */ = {
			isa = XCSwiftPackageProductDependency;
			package = 158A706029C359A800B83574 /* XCRemoteSwiftPackageReference "firebase-ios-sdk" */;
			productName = FirebaseFirestore;
		};
/* End XCSwiftPackageProductDependency section */
	};
	rootObject = 15CAAA47299E69ED00F4B197 /* Project object */;
}
